{
  "lockfileVersion": 1,
  "workspaces": {
    "": {
      "dependencies": {
        "@fontsource-variable/big-shoulders": "^5.2.6",
      },
    },
  },
  "packages": {
    "@fontsource-variable/big-shoulders": ["@fontsource-variable/big-shoulders@5.2.6", "", {}, "sha512-b3KplwhOEjQBqD6RdCef3+3Nisw4j9t2Av2I++VfYy0bcRd/aJSIiaX4o2cxspumNhfKy2u83QXta/iMt76emQ=="],
  }
}
